
Microsoft Visual Studio Solution File, Format Version 12.00
# Visual Studio Version 16
VisualStudioVersion = 16.0.31313.79
MinimumVisualStudioVersion = 10.0.40219.1
Project("{FAE04EC0-301F-11D3-BF4B-00C04F79EFBC}") = "410637015", "410637015\410637015.csproj", "{B9DB5F01-BF2A-464D-90FE-D3EF56B934A0}"
EndProject
Global
	GlobalSection(SolutionConfigurationPlatforms) = preSolution
		Debug|Any CPU = Debug|Any CPU
		Release|Any CPU = Release|Any CPU
	EndGlobalSection
	GlobalSection(ProjectConfigurationPlatforms) = postSolution
		{B9DB5F01-BF2A-464D-90FE-D3EF56B934A0}.Debug|Any CPU.ActiveCfg = Debug|Any CPU
		{B9DB5F01-BF2A-464D-90FE-D3EF56B934A0}.Debug|Any CPU.Build.0 = Debug|Any CPU
		{B9DB5F01-BF2A-464D-90FE-D3EF56B934A0}.Release|Any CPU.ActiveCfg = Release|Any CPU
		{B9DB5F01-BF2A-464D-90FE-D3EF56B934A0}.Release|Any CPU.Build.0 = Release|Any CPU
	EndGlobalSection
	GlobalSection(SolutionProperties) = preSolution
		HideSolutionNode = FALSE
	EndGlobalSection
	GlobalSection(ExtensibilityGlobals) = postSolution
		SolutionGuid = {FF093D53-1FF4-4E6A-98EE-7EC64563D81F}
	EndGlobalSection
EndGlobal
